
Microsoft Visual Studio Solution File, Format Version 12.00
# Visual Studio Version 16
VisualStudioVersion = 16.0.31515.178
MinimumVisualStudioVersion = 10.0.40219.1
Project("{9A19103F-16F7-4668-BE54-9A1E7A4F7556}") = "NguyensBookStore", "NguyensBookStore\NguyensBookStore.csproj", "{77DA3C52-E7B9-4D9A-A493-FFAD9F785515}"
EndProject
Project("{9A19103F-16F7-4668-BE54-9A1E7A4F7556}") = "NguyensBooks.DataAccess", "NguyensBooks.DataAccess\NguyensBooks.DataAccess.csproj", "{A0086195-F917-4057-982A-3418B899F88D}"
EndProject
Project("{9A19103F-16F7-4668-BE54-9A1E7A4F7556}") = "NguyensBooks.Models", "NguyensBooks.Models\NguyensBooks.Models.csproj", "{5828B5F1-406F-4129-B4AE-5D7294E790F1}"
EndProject
Project("{9A19103F-16F7-4668-BE54-9A1E7A4F7556}") = "NguyensBooks.Utility", "NguyensBooks.Utility\NguyensBooks.Utility.csproj", "{4252D80A-308A-4EEF-801B-6EAB2963725D}"
EndProject
Global
	GlobalSection(SolutionConfigurationPlatforms) = preSolution
		Debug|Any CPU = Debug|Any CPU
		Release|Any CPU = Release|Any CPU
	EndGlobalSection
	GlobalSection(ProjectConfigurationPlatforms) = postSolution
		{77DA3C52-E7B9-4D9A-A493-FFAD9F785515}.Debug|Any CPU.ActiveCfg = Debug|Any CPU
		{77DA3C52-E7B9-4D9A-A493-FFAD9F785515}.Debug|Any CPU.Build.0 = Debug|Any CPU
		{77DA3C52-E7B9-4D9A-A493-FFAD9F785515}.Release|Any CPU.ActiveCfg = Release|Any CPU
		{77DA3C52-E7B9-4D9A-A493-FFAD9F785515}.Release|Any CPU.Build.0 = Release|Any CPU
		{A0086195-F917-4057-982A-3418B899F88D}.Debug|Any CPU.ActiveCfg = Debug|Any CPU
		{A0086195-F917-4057-982A-3418B899F88D}.Debug|Any CPU.Build.0 = Debug|Any CPU
		{A0086195-F917-4057-982A-3418B899F88D}.Release|Any CPU.ActiveCfg = Release|Any CPU
		{A0086195-F917-4057-982A-3418B899F88D}.Release|Any CPU.Build.0 = Release|Any CPU
		{5828B5F1-406F-4129-B4AE-5D7294E790F1}.Debug|Any CPU.ActiveCfg = Debug|Any CPU
		{5828B5F1-406F-4129-B4AE-5D7294E790F1}.Debug|Any CPU.Build.0 = Debug|Any CPU
		{5828B5F1-406F-4129-B4AE-5D7294E790F1}.Release|Any CPU.ActiveCfg = Release|Any CPU
		{5828B5F1-406F-4129-B4AE-5D7294E790F1}.Release|Any CPU.Build.0 = Release|Any CPU
		{4252D80A-308A-4EEF-801B-6EAB2963725D}.Debug|Any CPU.ActiveCfg = Debug|Any CPU
		{4252D80A-308A-4EEF-801B-6EAB2963725D}.Debug|Any CPU.Build.0 = Debug|Any CPU
		{4252D80A-308A-4EEF-801B-6EAB2963725D}.Release|Any CPU.ActiveCfg = Release|Any CPU
		{4252D80A-308A-4EEF-801B-6EAB2963725D}.Release|Any CPU.Build.0 = Release|Any CPU
	EndGlobalSection
	GlobalSection(SolutionProperties) = preSolution
		HideSolutionNode = FALSE
	EndGlobalSection
	GlobalSection(ExtensibilityGlobals) = postSolution
		SolutionGuid = {4C558941-36F9-4836-B204-BEB9D703F58A}
	EndGlobalSection
EndGlobal
